# This file is autogenerated, do not edit; changes may be undone by the next 'dep ensure'.


[[projects]]
  branch = "master"
  digest = "1:1c255164b84fed6afbe5de9c149ecb21c7585669129376307df8838927e50911"
  name = "github.com/burl/go-version"
  packages = ["."]
  pruneopts = "UT"
  revision = "758edfbba225edb42eac4bcc91094304c3971b21"

[[projects]]
  digest = "1:5d231480e1c64a726869bc4142d270184c419749d34f167646baa21008eb0a79"
  name = "github.com/mitchellh/go-homedir"
  packages = ["."]
  pruneopts = "UT"
  revision = "af06845cf3004701891bf4fdb884bfe4920b3727"
  version = "v1.1.0"

[[projects]]
  digest = "1:860c25446f565f998eb698ddc033e9e43b2546eb950b20aca28f30ba73deb86d"
  name = "github.com/oklog/ulid"
  packages = ["."]
  pruneopts = "UT"
  revision = "be3bccf06dda9a40aa6800c4736ac77f2fef987f"
  version = "v2.0.2"

[[projects]]
  digest = "1:a176c5abee905ecd74d3c227c0c6e4e96c3e8ffb32fc44ee836bb7c3308dc33a"
  name = "github.com/uber/astro"
  packages = [
    "astro/tvm",
    "astro/utils",
  ]
  pruneopts = "UT"
  revision = "a39cf79dd8095973ed5a0ab6935b7e5933440905"

[solve-meta]
  analyzer-name = "dep"
  analyzer-version = 1
  input-imports = ["github.com/uber/astro/astro/tvm"]
  solver-name = "gps-cdcl"
  solver-version = 1
